// !$*UTF8*$!
{
	archiveVersion = 1;
	classes = {
	};
	objectVersion = 50;
	objects = {

/* Begin PBXBuildFile section */
		9F4B9B9B23ADE95200ED4F62 /* StoryPageView.swift in Sources */ = {isa = PBXBuildFile; fileRef = 9F4B9B9A23ADE95200ED4F62 /* StoryPageView.swift */; };
		9FEDB50F23A8FD1500CD719E /* AppDelegate.swift in Sources */ = {isa = PBXBuildFile; fileRef = 9FEDB50E23A8FD1500CD719E /* AppDelegate.swift */; };
		9FEDB51123A8FD1500CD719E /* SceneDelegate.swift in Sources */ = {isa = PBXBuildFile; fileRef = 9FEDB51023A8FD1500CD719E /* SceneDelegate.swift */; };
		9FEDB51323A8FD1500CD719E /* ViewController.swift in Sources */ = {isa = PBXBuildFile; fileRef = 9FEDB51223A8FD1500CD719E /* ViewController.swift */; };
		9FEDB51623A8FD1500CD719E /* Main.storyboard in Resources */ = {isa = PBXBuildFile; fileRef = 9FEDB51423A8FD1500CD719E /* Main.storyboard */; };
		9FEDB51823A8FD1700CD719E /* Assets.xcassets in Resources */ = {isa = PBXBuildFile; fileRef = 9FEDB51723A8FD1700CD719E /* Assets.xcassets */; };
		9FEDB51B23A8FD1700CD719E /* LaunchScreen.storyboard in Resources */ = {isa = PBXBuildFile; fileRef = 9FEDB51923A8FD1700CD719E /* LaunchScreen.storyboard */; };
		9FEDB52323A8FD7400CD719E /* TitleUIView.swift in Sources */ = {isa = PBXBuildFile; fileRef = 9FEDB52223A8FD7400CD719E /* TitleUIView.swift */; };
		9FEDB52523A912D200CD719E /* characterUIView.swift in Sources */ = {isa = PBXBuildFile; fileRef = 9FEDB52423A912D200CD719E /* characterUIView.swift */; };
		9FEDB52723A9F1F000CD719E /* NextViewController.swift in Sources */ = {isa = PBXBuildFile; fileRef = 9FEDB52623A9F1F000CD719E /* NextViewController.swift */; };
		9FEDB52923AA0EA400CD719E /* StoryView.swift in Sources */ = {isa = PBXBuildFile; fileRef = 9FEDB52823AA0EA400CD719E /* StoryView.swift */; };
/* End PBXBuildFile section */

/* Begin PBXFileReference section */
		9F4B9B9A23ADE95200ED4F62 /* StoryPageView.swift */ = {isa = PBXFileReference; lastKnownFileType = sourcecode.swift; path = StoryPageView.swift; sourceTree = "<group>"; };
		9FEDB50B23A8FD1500CD719E /* Practice _at_class.app */ = {isa = PBXFileReference; explicitFileType = wrapper.application; includeInIndex = 0; path = "Practice _at_class.app"; sourceTree = BUILT_PRODUCTS_DIR; };
		9FEDB50E23A8FD1500CD719E /* AppDelegate.swift */ = {isa = PBXFileReference; lastKnownFileType = sourcecode.swift; path = AppDelegate.swift; sourceTree = "<group>"; };
		9FEDB51023A8FD1500CD719E /* SceneDelegate.swift */ = {isa = PBXFileReference; lastKnownFileType = sourcecode.swift; path = SceneDelegate.swift; sourceTree = "<group>"; };
		9FEDB51223A8FD1500CD719E /* ViewController.swift */ = {isa = PBXFileReference; lastKnownFileType = sourcecode.swift; path = ViewController.swift; sourceTree = "<group>"; };
		9FEDB51523A8FD1500CD719E /* Base */ = {isa = PBXFileReference; lastKnownFileType = file.storyboard; name = Base; path = Base.lproj/Main.storyboard; sourceTree = "<group>"; };
		9FEDB51723A8FD1700CD719E /* Assets.xcassets */ = {isa = PBXFileReference; lastKnownFileType = folder.assetcatalog; path = Assets.xcassets; sourceTree = "<group>"; };
		9FEDB51A23A8FD1700CD719E /* Base */ = {isa = PBXFileReference; lastKnownFileType = file.storyboard; name = Base; path = Base.lproj/LaunchScreen.storyboard; sourceTree = "<group>"; };
		9FEDB51C23A8FD1700CD719E /* Info.plist */ = {isa = PBXFileReference; lastKnownFileType = text.plist.xml; path = Info.plist; sourceTree = "<group>"; };
		9FEDB52223A8FD7400CD719E /* TitleUIView.swift */ = {isa = PBXFileReference; lastKnownFileType = sourcecode.swift; path = TitleUIView.swift; sourceTree = "<group>"; };
		9FEDB52423A912D200CD719E /* characterUIView.swift */ = {isa = PBXFileReference; lastKnownFileType = sourcecode.swift; path = characterUIView.swift; sourceTree = "<group>"; };
		9FEDB52623A9F1F000CD719E /* NextViewController.swift */ = {isa = PBXFileReference; lastKnownFileType = sourcecode.swift; path = NextViewController.swift; sourceTree = "<group>"; };
		9FEDB52823AA0EA400CD719E /* StoryView.swift */ = {isa = PBXFileReference; lastKnownFileType = sourcecode.swift; path = StoryView.swift; sourceTree = "<group>"; };
/* End PBXFileReference section */

/* Begin PBXFrameworksBuildPhase section */
		9FEDB50823A8FD1500CD719E /* Frameworks */ = {
			isa = PBXFrameworksBuildPhase;
			buildActionMask = 2147483647;
			files = (
			);
			runOnlyForDeploymentPostprocessing = 0;
		};
/* End PBXFrameworksBuildPhase section */

/* Begin PBXGroup section */
		9FEDB50223A8FD1500CD719E = {
			isa = PBXGroup;
			children = (
				9FEDB50D23A8FD1500CD719E /* Practice _at_class */,
				9FEDB50C23A8FD1500CD719E /* Products */,
			);
			sourceTree = "<group>";
		};
		9FEDB50C23A8FD1500CD719E /* Products */ = {
			isa = PBXGroup;
			children = (
				9FEDB50B23A8FD1500CD719E /* Practice _at_class.app */,
			);
			name = Products;
			sourceTree = "<group>";
		};
		9FEDB50D23A8FD1500CD719E /* Practice _at_class */ = {
			isa = PBXGroup;
			children = (
				9FEDB50E23A8FD1500CD719E /* AppDelegate.swift */,
				9FEDB51023A8FD1500CD719E /* SceneDelegate.swift */,
				9FEDB51223A8FD1500CD719E /* ViewController.swift */,
				9FEDB52623A9F1F000CD719E /* NextViewController.swift */,
				9FEDB51423A8FD1500CD719E /* Main.storyboard */,
				9FEDB51723A8FD1700CD719E /* Assets.xcassets */,
				9FEDB51923A8FD1700CD719E /* LaunchScreen.storyboard */,
				9FEDB51C23A8FD1700CD719E /* Info.plist */,
				9FEDB52223A8FD7400CD719E /* TitleUIView.swift */,
				9FEDB52423A912D200CD719E /* characterUIView.swift */,
				9FEDB52823AA0EA400CD719E /* StoryView.swift */,
				9F4B9B9A23ADE95200ED4F62 /* StoryPageView.swift */,
			);
			path = "Practice _at_class";
			sourceTree = "<group>";
		};
/* End PBXGroup section */

/* Begin PBXNativeTarget section */
		9FEDB50A23A8FD1500CD719E /* Practice _at_class */ = {
			isa = PBXNativeTarget;
			buildConfigurationList = 9FEDB51F23A8FD1700CD719E /* Build configuration list for PBXNativeTarget "Practice _at_class" */;
			buildPhases = (
				9FEDB50723A8FD1500CD719E /* Sources */,
				9FEDB50823A8FD1500CD719E /* Frameworks */,
				9FEDB50923A8FD1500CD719E /* Resources */,
			);
			buildRules = (
			);
			dependencies = (
			);
			name = "Practice _at_class";
			productName = "Practice _at_class";
			productReference = 9FEDB50B23A8FD1500CD719E /* Practice _at_class.app */;
			productType = "com.apple.product-type.application";
		};
/* End PBXNativeTarget section */

/* Begin PBXProject section */
		9FEDB50323A8FD1500CD719E /* Project object */ = {
			isa = PBXProject;
			attributes = {
				LastSwiftUpdateCheck = 1120;
				LastUpgradeCheck = 1120;
				ORGANIZATIONNAME = tung;
				TargetAttributes = {
					9FEDB50A23A8FD1500CD719E = {
						CreatedOnToolsVersion = 11.2.1;
					};
				};
			};
			buildConfigurationList = 9FEDB50623A8FD1500CD719E /* Build configuration list for PBXProject "Practice _at_class" */;
			compatibilityVersion = "Xcode 9.3";
			developmentRegion = en;
			hasScannedForEncodings = 0;
			knownRegions = (
				en,
				Base,
			);
			mainGroup = 9FEDB50223A8FD1500CD719E;
			productRefGroup = 9FEDB50C23A8FD1500CD719E /* Products */;
			projectDirPath = "";
			projectRoot = "";
			targets = (
				9FEDB50A23A8FD1500CD719E /* Practice _at_class */,
			);
		};
/* End PBXProject section */

/* Begin PBXResourcesBuildPhase section */
		9FEDB50923A8FD1500CD719E /* Resources */ = {
			isa = PBXResourcesBuildPhase;
			buildActionMask = 2147483647;
			files = (
				9FEDB51B23A8FD1700CD719E /* LaunchScreen.storyboard in Resources */,
				9FEDB51823A8FD1700CD719E /* Assets.xcassets in Resources */,
				9FEDB51623A8FD1500CD719E /* Main.storyboard in Resources */,
			);
			runOnlyForDeploymentPostprocessing = 0;
		};
/* End PBXResourcesBuildPhase section */

/* Begin PBXSourcesBuildPhase section */
		9FEDB50723A8FD1500CD719E /* Sources */ = {
			isa = PBXSourcesBuildPhase;
			buildActionMask = 2147483647;
			files = (
				9FEDB51323A8FD1500CD719E /* ViewController.swift in Sources */,
				9FEDB52723A9F1F000CD719E /* NextViewController.swift in Sources */,
				9FEDB50F23A8FD1500CD719E /* AppDelegate.swift in Sources */,
				9FEDB52923AA0EA400CD719E /* StoryView.swift in Sources */,
				9FEDB52523A912D200CD719E /* characterUIView.swift in Sources */,
				9FEDB51123A8FD1500CD719E /* SceneDelegate.swift in Sources */,
				9FEDB52323A8FD7400CD719E /* TitleUIView.swift in Sources */,
				9F4B9B9B23ADE95200ED4F62 /* StoryPageView.swift in Sources */,
			);
			runOnlyForDeploymentPostprocessing = 0;
		};
/* End PBXSourcesBuildPhase section */

/* Begin PBXVariantGroup section */
		9FEDB51423A8FD1500CD719E /* Main.storyboard */ = {
			isa = PBXVariantGroup;
			children = (
				9FEDB51523A8FD1500CD719E /* Base */,
			);
			name = Main.storyboard;
			sourceTree = "<group>";
		};
		9FEDB51923A8FD1700CD719E /* LaunchScreen.storyboard */ = {
			isa = PBXVariantGroup;
			children = (
				9FEDB51A23A8FD1700CD719E /* Base */,
			);
			name = LaunchScreen.storyboard;
			sourceTree = "<group>";
		};
/* End PBXVariantGroup section */

/* Begin XCBuildConfiguration section */
		9FEDB51D23A8FD1700CD719E /* Debug */ = {
			isa = XCBuildConfiguration;
			buildSettings = {
				ALWAYS_SEARCH_USER_PATHS = NO;
				CLANG_ANALYZER_NONNULL = YES;
				CLANG_ANALYZER_NUMBER_OBJECT_CONVERSION = YES_AGGRESSIVE;
				CLANG_CXX_LANGUAGE_STANDARD = "gnu++14";
				CLANG_CXX_LIBRARY = "libc++";
				CLANG_ENABLE_MODULES = YES;
				CLANG_ENABLE_OBJC_ARC = YES;
				CLANG_ENABLE_OBJC_WEAK = YES;
				CLANG_WARN_BLOCK_CAPTURE_AUTORELEASING = YES;
				CLANG_WARN_BOOL_CONVERSION = YES;
				CLANG_WARN_COMMA = YES;
				CLANG_WARN_CONSTANT_CONVERSION = YES;
				CLANG_WARN_DEPRECATED_OBJC_IMPLEMENTATIONS = YES;
				CLANG_WARN_DIRECT_OBJC_ISA_USAGE = YES_ERROR;
				CLANG_WARN_DOCUMENTATION_COMMENTS = YES;
				CLANG_WARN_EMPTY_BODY = YES;
				CLANG_WARN_ENUM_CONVERSION = YES;
				CLANG_WARN_INFINITE_RECURSION = YES;
				CLANG_WARN_INT_CONVERSION = YES;
				CLANG_WARN_NON_LITERAL_NULL_CONVERSION = YES;
				CLANG_WARN_OBJC_IMPLICIT_RETAIN_SELF = YES;
				CLANG_WARN_OBJC_LITERAL_CONVERSION = YES;
				CLANG_WARN_OBJC_ROOT_CLASS = YES_ERROR;
				CLANG_WARN_RANGE_LOOP_ANALYSIS = YES;
				CLANG_WARN_STRICT_PROTOTYPES = YES;
				CLANG_WARN_SUSPICIOUS_MOVE = YES;
				CLANG_WARN_UNGUARDED_AVAILABILITY = YES_AGGRESSIVE;
				CLANG_WARN_UNREACHABLE_CODE = YES;
				CLANG_WARN__DUPLICATE_METHOD_MATCH = YES;
				COPY_PHASE_STRIP = NO;
				DEBUG_INFORMATION_FORMAT = dwarf;
				ENABLE_STRICT_OBJC_MSGSEND = YES;
				ENABLE_TESTABILITY = YES;
				GCC_C_LANGUAGE_STANDARD = gnu11;
				GCC_DYNAMIC_NO_PIC = NO;
				GCC_NO_COMMON_BLOCKS = YES;
				GCC_OPTIMIZATION_LEVEL = 0;
				GCC_PREPROCESSOR_DEFINITIONS = (
					"DEBUG=1",
					"$(inherited)",
				);
				GCC_WARN_64_TO_32_BIT_CONVERSION = YES;
				GCC_WARN_ABOUT_RETURN_TYPE = YES_ERROR;
				GCC_WARN_UNDECLARED_SELECTOR = YES;
				GCC_WARN_UNINITIALIZED_AUTOS = YES_AGGRESSIVE;
				GCC_WARN_UNUSED_FUNCTION = YES;
				GCC_WARN_UNUSED_VARIABLE = YES;
				IPHONEOS_DEPLOYMENT_TARGET = 13.2;
				MTL_ENABLE_DEBUG_INFO = INCLUDE_SOURCE;
				MTL_FAST_MATH = YES;
				ONLY_ACTIVE_ARCH = YES;
				SDKROOT = iphoneos;
				SWIFT_ACTIVE_COMPILATION_CONDITIONS = DEBUG;
				SWIFT_OPTIMIZATION_LEVEL = "-Onone";
			};
			name = Debug;
		};
		9FEDB51E23A8FD1700CD719E /* Release */ = {
			isa = XCBuildConfiguration;
			buildSettings = {
				ALWAYS_SEARCH_USER_PATHS = NO;
				CLANG_ANALYZER_NONNULL = YES;
				CLANG_ANALYZER_NUMBER_OBJECT_CONVERSION = YES_AGGRESSIVE;
				CLANG_CXX_LANGUAGE_STANDARD = "gnu++14";
				CLANG_CXX_LIBRARY = "libc++";
				CLANG_ENABLE_MODULES = YES;
				CLANG_ENABLE_OBJC_ARC = YES;
				CLANG_ENABLE_OBJC_WEAK = YES;
				CLANG_WARN_BLOCK_CAPTURE_AUTORELEASING = YES;
				CLANG_WARN_BOOL_CONVERSION = YES;
				CLANG_WARN_COMMA = YES;
				CLANG_WARN_CONSTANT_CONVERSION = YES;
				CLANG_WARN_DEPRECATED_OBJC_IMPLEMENTATIONS = YES;
				CLANG_WARN_DIRECT_OBJC_ISA_USAGE = YES_ERROR;
				CLANG_WARN_DOCUMENTATION_COMMENTS = YES;
				CLANG_WARN_EMPTY_BODY = YES;
				CLANG_WARN_ENUM_CONVERSION = YES;
				CLANG_WARN_INFINITE_RECURSION = YES;
				CLANG_WARN_INT_CONVERSION = YES;
				CLANG_WARN_NON_LITERAL_NULL_CONVERSION = YES;
				CLANG_WARN_OBJC_IMPLICIT_RETAIN_SELF = YES;
				CLANG_WARN_OBJC_LITERAL_CONVERSION = YES;
				CLANG_WARN_OBJC_ROOT_CLASS = YES_ERROR;
				CLANG_WARN_RANGE_LOOP_ANALYSIS = YES;
				CLANG_WARN_STRICT_PROTOTYPES = YES;
				CLANG_WARN_SUSPICIOUS_MOVE = YES;
				CLANG_WARN_UNGUARDED_AVAILABILITY = YES_AGGRESSIVE;
				CLANG_WARN_UNREACHABLE_CODE = YES;
				CLANG_WARN__DUPLICATE_METHOD_MATCH = YES;
				COPY_PHASE_STRIP = NO;
				DEBUG_INFORMATION_FORMAT = "dwarf-with-dsym";
				ENABLE_NS_ASSERTIONS = NO;
				ENABLE_STRICT_OBJC_MSGSEND = YES;
				GCC_C_LANGUAGE_STANDARD = gnu11;
				GCC_NO_COMMON_BLOCKS = YES;
				GCC_WARN_64_TO_32_BIT_CONVERSION = YES;
				GCC_WARN_ABOUT_RETURN_TYPE = YES_ERROR;
				GCC_WARN_UNDECLARED_SELECTOR = YES;
				GCC_WARN_UNINITIALIZED_AUTOS = YES_AGGRESSIVE;
				GCC_WARN_UNUSED_FUNCTION = YES;
				GCC_WARN_UNUSED_VARIABLE = YES;
				IPHONEOS_DEPLOYMENT_TARGET = 13.2;
				MTL_ENABLE_DEBUG_INFO = NO;
				MTL_FAST_MATH = YES;
				SDKROOT = iphoneos;
				SWIFT_COMPILATION_MODE = wholemodule;
				SWIFT_OPTIMIZATION_LEVEL = "-O";
				VALIDATE_PRODUCT = YES;
			};
			name = Release;
		};
		9FEDB52023A8FD1700CD719E /* Debug */ = {
			isa = XCBuildConfiguration;
			buildSettings = {
				ASSETCATALOG_COMPILER_APPICON_NAME = AppIcon;
				CODE_SIGN_STYLE = Automatic;
				INFOPLIST_FILE = "Practice _at_class/Info.plist";
				LD_RUNPATH_SEARCH_PATHS = (
					"$(inherited)",
					"@executable_path/Frameworks",
				);
				PRODUCT_BUNDLE_IDENTIFIER = "com.tung.Practice--at-class";
				PRODUCT_NAME = "$(TARGET_NAME)";
				SWIFT_VERSION = 5.0;
				TARGETED_DEVICE_FAMILY = "1,2";
			};
			name = Debug;
		};
		9FEDB52123A8FD1700CD719E /* Release */ = {
			isa = XCBuildConfiguration;
			buildSettings = {
				ASSETCATALOG_COMPILER_APPICON_NAME = AppIcon;
				CODE_SIGN_STYLE = Automatic;
				INFOPLIST_FILE = "Practice _at_class/Info.plist";
				LD_RUNPATH_SEARCH_PATHS = (
					"$(inherited)",
					"@executable_path/Frameworks",
				);
				PRODUCT_BUNDLE_IDENTIFIER = "com.tung.Practice--at-class";
				PRODUCT_NAME = "$(TARGET_NAME)";
				SWIFT_VERSION = 5.0;
				TARGETED_DEVICE_FAMILY = "1,2";
			};
			name = Release;
		};
/* End XCBuildConfiguration section */

/* Begin XCConfigurationList section */
		9FEDB50623A8FD1500CD719E /* Build configuration list for PBXProject "Practice _at_class" */ = {
			isa = XCConfigurationList;
			buildConfigurations = (
				9FEDB51D23A8FD1700CD719E /* Debug */,
				9FEDB51E23A8FD1700CD719E /* Release */,
			);
			defaultConfigurationIsVisible = 0;
			defaultConfigurationName = Release;
		};
		9FEDB51F23A8FD1700CD719E /* Build configuration list for PBXNativeTarget "Practice _at_class" */ = {
			isa = XCConfigurationList;
			buildConfigurations = (
				9FEDB52023A8FD1700CD719E /* Debug */,
				9FEDB52123A8FD1700CD719E /* Release */,
			);
			defaultConfigurationIsVisible = 0;
			defaultConfigurationName = Release;
		};
/* End XCConfigurationList section */
	};
	rootObject = 9FEDB50323A8FD1500CD719E /* Project object */;
}
